
Microsoft Visual Studio Solution File, Format Version 12.00
# Visual Studio Version 17
VisualStudioVersion = 17.9.34607.119
MinimumVisualStudioVersion = 10.0.40219.1
Project("{FAE04EC0-301F-11D3-BF4B-00C04F79EFBC}") = "Encapsulation", "Encapsulation.csproj", "{EC1833AC-5B57-43DD-BAEB-717DF45DE9FD}"
EndProject
Global
	GlobalSection(SolutionConfigurationPlatforms) = preSolution
		Debug|Any CPU = Debug|Any CPU
		Release|Any CPU = Release|Any CPU
	EndGlobalSection
	GlobalSection(ProjectConfigurationPlatforms) = postSolution
		{EC1833AC-5B57-43DD-BAEB-717DF45DE9FD}.Debug|Any CPU.ActiveCfg = Debug|Any CPU
		{EC1833AC-5B57-43DD-BAEB-717DF45DE9FD}.Debug|Any CPU.Build.0 = Debug|Any CPU
		{EC1833AC-5B57-43DD-BAEB-717DF45DE9FD}.Release|Any CPU.ActiveCfg = Release|Any CPU
		{EC1833AC-5B57-43DD-BAEB-717DF45DE9FD}.Release|Any CPU.Build.0 = Release|Any CPU
	EndGlobalSection
	GlobalSection(SolutionProperties) = preSolution
		HideSolutionNode = FALSE
	EndGlobalSection
	GlobalSection(ExtensibilityGlobals) = postSolution
		SolutionGuid = {868A759C-0263-4E4D-90A1-15D366149316}
	EndGlobalSection
EndGlobal
